
Microsoft Visual Studio Solution File, Format Version 12.00
# Visual Studio 15
VisualStudioVersion = 15.0.27703.2042
MinimumVisualStudioVersion = 10.0.40219.1
Project("{FAE04EC0-301F-11D3-BF4B-00C04F79EFBC}") = "MyPersonnels", "MyPersonnels\MyPersonnels.csproj", "{93D176EB-F8EB-4D7F-A273-0782732F665F}"
EndProject
Global
	GlobalSection(SolutionConfigurationPlatforms) = preSolution
		Debug|Any CPU = Debug|Any CPU
		Release|Any CPU = Release|Any CPU
	EndGlobalSection
	GlobalSection(ProjectConfigurationPlatforms) = postSolution
		{93D176EB-F8EB-4D7F-A273-0782732F665F}.Debug|Any CPU.ActiveCfg = Debug|Any CPU
		{93D176EB-F8EB-4D7F-A273-0782732F665F}.Debug|Any CPU.Build.0 = Debug|Any CPU
		{93D176EB-F8EB-4D7F-A273-0782732F665F}.Release|Any CPU.ActiveCfg = Release|Any CPU
		{93D176EB-F8EB-4D7F-A273-0782732F665F}.Release|Any CPU.Build.0 = Release|Any CPU
	EndGlobalSection
	GlobalSection(SolutionProperties) = preSolution
		HideSolutionNode = FALSE
	EndGlobalSection
	GlobalSection(ExtensibilityGlobals) = postSolution
		SolutionGuid = {3D3BF02B-1C4E-42EC-8958-9176D02B6DAD}
	EndGlobalSection
EndGlobal
